{
  "name": "vscode-markdown-tinymind",
  "version": "0.1.0",
  "lockfileVersion": 1,
  "requires": true,
  "dependencies": {
    "@types/linkify-it": {
      "version": "2.1.0",
      "resolved": "https://registry.npm.taobao.org/@types/linkify-it/download/@types/linkify-it-2.1.0.tgz",
      "integrity": "sha1-6j3WTEgFWXMReQth6HLL0e0s2AY=",
      "dev": true
    },
    "@types/markdown-it": {
      "version": "0.0.9",
      "resolved": "https://registry.npm.taobao.org/@types/markdown-it/download/@types/markdown-it-0.0.9.tgz",
      "integrity": "sha1-pdVS+VIWxHjgonpazBso3P/Zic4=",
      "dev": true,
      "requires": {
        "@types/linkify-it": "*"
      }
    },
    "@types/node": {
      "version": "13.11.0",
      "resolved": "https://registry.npm.taobao.org/@types/node/download/@types/node-13.11.0.tgz",
      "integrity": "sha1-OQ6iAlOcYcj6a6RCi1fgW8NtxHs=",
      "dev": true
    },
    "@types/vscode": {
      "version": "1.43.0",
      "resolved": "https://registry.npm.taobao.org/@types/vscode/download/@types/vscode-1.43.0.tgz",
      "integrity": "sha1-IiduYANMaTszEX8QaP+qwOiVIts=",
      "dev": true
    },
    "argparse": {
      "version": "1.0.10",
      "resolved": "https://registry.npm.taobao.org/argparse/download/argparse-1.0.10.tgz",
      "integrity": "sha1-vNZ5HqWuCXJeF+WtmIE0zUCz2RE=",
      "dev": true,
      "requires": {
        "sprintf-js": "~1.0.2"
      }
    },
    "entities": {
      "version": "2.0.0",
      "resolved": "https://registry.npm.taobao.org/entities/download/entities-2.0.0.tgz",
      "integrity": "sha1-aNYITKsbB5dnVA2A5Wo5tCPkq/Q=",
      "dev": true
    },
    "linkify-it": {
      "version": "2.2.0",
      "resolved": "https://registry.npm.taobao.org/linkify-it/download/linkify-it-2.2.0.tgz",
      "integrity": "sha1-47VGl+eL+RXHCjis14/QngBYsc8=",
      "dev": true,
      "requires": {
        "uc.micro": "^1.0.1"
      }
    },
    "markdown-it": {
      "version": "10.0.0",
      "resolved": "https://registry.npm.taobao.org/markdown-it/download/markdown-it-10.0.0.tgz",
      "integrity": "sha1-q/xk8UGxci1mNAIETkOSfx9QqNw=",
      "dev": true,
      "requires": {
        "argparse": "^1.0.7",
        "entities": "~2.0.0",
        "linkify-it": "^2.0.0",
        "mdurl": "^1.0.1",
        "uc.micro": "^1.0.5"
      }
    },
    "markdown-it-tinymind": {
      "version": "0.1.3",
      "resolved": "https://registry.npm.taobao.org/markdown-it-tinymind/download/markdown-it-tinymind-0.1.3.tgz",
      "integrity": "sha1-ONv71LHjw5iA89XCCti5Ctjf5yY="
    },
    "mdurl": {
      "version": "1.0.1",
      "resolved": "https://registry.npm.taobao.org/mdurl/download/mdurl-1.0.1.tgz",
      "integrity": "sha1-/oWy7HWlkDfyrf7BAP1sYBdhFS4=",
      "dev": true
    },
    "sprintf-js": {
      "version": "1.0.3",
      "resolved": "https://registry.npm.taobao.org/sprintf-js/download/sprintf-js-1.0.3.tgz",
      "integrity": "sha1-BOaSb2YolTVPPdAVIDYzuFcpfiw=",
      "dev": true
    },
    "typescript": {
      "version": "3.8.3",
      "resolved": "https://registry.npm.taobao.org/typescript/download/typescript-3.8.3.tgz?cache=0&sync_timestamp=1585984441464&other_urls=https%3A%2F%2Fregistry.npm.taobao.org%2Ftypescript%2Fdownload%2Ftypescript-3.8.3.tgz",
      "integrity": "sha1-QJ64VE6gM1cRIFhp7EWKsQnuEGE=",
      "dev": true
    },
    "uc.micro": {
      "version": "1.0.6",
      "resolved": "https://registry.npm.taobao.org/uc.micro/download/uc.micro-1.0.6.tgz",
      "integrity": "sha1-nEEagCpAmpH8bPdAgbq6NLJEmaw=",
      "dev": true
    }
  }
}
